
Microsoft Visual Studio Solution File, Format Version 12.00
# Visual Studio 15
VisualStudioVersion = 15.0.27130.2036
MinimumVisualStudioVersion = 10.0.40219.1
Project("{FAE04EC0-301F-11D3-BF4B-00C04F79EFBC}") = "Knowledge-Metaprogramming-Example01", "Knowledge-Metaprogramming-Example01\Knowledge-Metaprogramming-Example01.csproj", "{9407C94B-EA71-4338-95E4-A9B79D989582}"
EndProject
Global
	GlobalSection(SolutionConfigurationPlatforms) = preSolution
		Debug|Any CPU = Debug|Any CPU
		Release|Any CPU = Release|Any CPU
	EndGlobalSection
	GlobalSection(ProjectConfigurationPlatforms) = postSolution
		{9407C94B-EA71-4338-95E4-A9B79D989582}.Debug|Any CPU.ActiveCfg = Debug|Any CPU
		{9407C94B-EA71-4338-95E4-A9B79D989582}.Debug|Any CPU.Build.0 = Debug|Any CPU
		{9407C94B-EA71-4338-95E4-A9B79D989582}.Release|Any CPU.ActiveCfg = Release|Any CPU
		{9407C94B-EA71-4338-95E4-A9B79D989582}.Release|Any CPU.Build.0 = Release|Any CPU
	EndGlobalSection
	GlobalSection(SolutionProperties) = preSolution
		HideSolutionNode = FALSE
	EndGlobalSection
	GlobalSection(ExtensibilityGlobals) = postSolution
		SolutionGuid = {ADEC9FC2-8212-46DF-832E-91032A719E84}
	EndGlobalSection
EndGlobal
